
Microsoft Visual Studio Solution File, Format Version 12.00
# Visual Studio Version 17
VisualStudioVersion = 17.4.33205.214
MinimumVisualStudioVersion = 10.0.40219.1
Project("{FAE04EC0-301F-11D3-BF4B-00C04F79EFBC}") = "Advance.Net", "MYSQLConnect\Advance.Net.csproj", "{9D050261-BAE4-4415-A953-338589607CA3}"
EndProject
Global
	GlobalSection(SolutionConfigurationPlatforms) = preSolution
		Debug|Any CPU = Debug|Any CPU
		Release|Any CPU = Release|Any CPU
	EndGlobalSection
	GlobalSection(ProjectConfigurationPlatforms) = postSolution
		{9D050261-BAE4-4415-A953-338589607CA3}.Debug|Any CPU.ActiveCfg = Debug|Any CPU
		{9D050261-BAE4-4415-A953-338589607CA3}.Debug|Any CPU.Build.0 = Debug|Any CPU
		{9D050261-BAE4-4415-A953-338589607CA3}.Release|Any CPU.ActiveCfg = Release|Any CPU
		{9D050261-BAE4-4415-A953-338589607CA3}.Release|Any CPU.Build.0 = Release|Any CPU
	EndGlobalSection
	GlobalSection(SolutionProperties) = preSolution
		HideSolutionNode = FALSE
	EndGlobalSection
	GlobalSection(ExtensibilityGlobals) = postSolution
		SolutionGuid = {BCB6854C-E83D-45D5-9626-7D497B339A2F}
	EndGlobalSection
EndGlobal
